{
  "name": "document-model",
  "version": "2.15.0",
  "lockfileVersion": 3,
  "requires": true,
  "packages": {
    "": {
      "name": "document-model",
      "version": "2.15.0",
      "license": "AGPL-3.0-only",
      "dependencies": {
        "change-case": "^5.4.4",
        "jszip": "^3.10.1",
        "mime": "^4.0.4",
        "mutative": "^1.0.5",
        "safe-stable-stringify": "^2.4.3",
        "sha1-uint8array": "^0.10.7",
        "zod": "^3.22.4"
      },
      "devDependencies": {
        "@rollup/plugin-node-resolve": "^15.2.3",
        "@types/jest": "^29.5.13",
        "@types/mime": "^4.0.0",
        "@types/node": "^22.10.1",
        "@types/react": "^18.3.12",
        "@types/uuid": "^10.0.0",
        "playwright": "^1.46.1",
        "react": "^18.3.1",
        "rollup-plugin-polyfill-node": "^0.13.0"
      }
    },
    "../../node_modules/.pnpm/@rollup+plugin-node-resolve@15.3.1_rollup@4.32.1/node_modules/@rollup/plugin-node-resolve": {
      "version": "15.3.1",
      "dev": true,
      "license": "MIT",
      "dependencies": {
        "@rollup/pluginutils": "^5.0.1",
        "@types/resolve": "1.20.2",
        "deepmerge": "^4.2.2",
        "is-module": "^1.0.0",
        "resolve": "^1.22.1"
      },
      "devDependencies": {
        "@babel/core": "^7.19.1",
        "@babel/plugin-transform-typescript": "^7.10.5",
        "@rollup/plugin-babel": "^6.0.0",
        "@rollup/plugin-commonjs": "^23.0.0",
        "@rollup/plugin-json": "^5.0.0",
        "es5-ext": "^0.10.62",
        "rollup": "^4.0.0-24",
        "source-map": "^0.7.4",
        "string-capitalize": "^1.0.1"
      },
      "engines": {
        "node": ">=14.0.0"
      },
      "peerDependencies": {
        "rollup": "^2.78.0||^3.0.0||^4.0.0"
      },
      "peerDependenciesMeta": {
        "rollup": {
          "optional": true
        }
      }
    },
    "../../node_modules/.pnpm/@types+jest@29.5.14/node_modules/@types/jest": {
      "version": "29.5.14",
      "dev": true,
      "license": "MIT",
      "dependencies": {
        "expect": "^29.0.0",
        "pretty-format": "^29.0.0"
      }
    },
    "../../node_modules/.pnpm/@types+mime@4.0.0/node_modules/@types/mime": {
      "version": "4.0.0",
      "deprecated": "This is a stub types definition. mime provides its own type definitions, so you do not need this installed.",
      "dev": true,
      "license": "MIT",
      "dependencies": {
        "mime": "*"
      }
    },
    "../../node_modules/.pnpm/@types+node@22.12.0/node_modules/@types/node": {
      "version": "22.12.0",
      "dev": true,
      "license": "MIT",
      "dependencies": {
        "undici-types": "~6.20.0"
      }
    },
    "../../node_modules/.pnpm/@types+react@18.3.18/node_modules/@types/react": {
      "version": "18.3.18",
      "dev": true,
      "license": "MIT",
      "dependencies": {
        "@types/prop-types": "*",
        "csstype": "^3.0.2"
      }
    },
    "../../node_modules/.pnpm/@types+uuid@10.0.0/node_modules/@types/uuid": {
      "version": "10.0.0",
      "dev": true,
      "license": "MIT"
    },
    "../../node_modules/.pnpm/change-case@5.4.4/node_modules/change-case": {
      "version": "5.4.4",
      "license": "MIT"
    },
    "../../node_modules/.pnpm/jszip@3.10.1/node_modules/jszip": {
      "version": "3.10.1",
      "license": "(MIT OR GPL-3.0-or-later)",
      "dependencies": {
        "lie": "~3.3.0",
        "pako": "~1.0.2",
        "readable-stream": "~2.3.6",
        "setimmediate": "^1.0.5"
      },
      "devDependencies": {
        "benchmark": "^2.1.4",
        "browserify": "~13.0.0",
        "eslint": "^8.18.0",
        "grunt": "~0.4.1",
        "grunt-browserify": "~5.0.0",
        "grunt-cli": "~1.1.0",
        "grunt-contrib-uglify": "~4.0.1",
        "http-server": "^13.0.2",
        "jszip-utils": "~0.0.2",
        "package-json-versionify": "1.0.2",
        "playwright": "^1.15.2",
        "qunit": "~2.9.2",
        "tmp": "0.0.28",
        "typescript": "^4.6.3"
      }
    },
    "../../node_modules/.pnpm/mime@4.0.6/node_modules/mime": {
      "version": "4.0.6",
      "funding": [
        "https://github.com/sponsors/broofa"
      ],
      "license": "MIT",
      "bin": {
        "mime": "bin/cli.js"
      },
      "devDependencies": {
        "@types/mime-db": "1.*",
        "@types/mime-types": "2.1.4",
        "@types/node": "22.10.2",
        "@typescript-eslint/eslint-plugin": "8.18.1",
        "@typescript-eslint/parser": "8.18.1",
        "chalk": "5.3.0",
        "mime-score": "2.0.4",
        "mime-types": "2.1.35",
        "prettier": "3.4.2",
        "release-please": "16.15.0",
        "runmd": "1.3.9",
        "typescript": "5.7.2"
      },
      "engines": {
        "node": ">=16"
      }
    },
    "../../node_modules/.pnpm/mutative@1.1.0/node_modules/mutative": {
      "version": "1.1.0",
      "license": "MIT",
      "devDependencies": {
        "@rollup/plugin-commonjs": "^25.0.7",
        "@rollup/plugin-node-resolve": "^15.2.3",
        "@rollup/plugin-replace": "^5.0.5",
        "@rollup/plugin-terser": "^0.4.4",
        "@rollup/plugin-typescript": "^11.1.5",
        "@size-limit/esbuild": "^11.1.6",
        "@size-limit/esbuild-why": "^8.2.6",
        "@size-limit/preset-small-lib": "^11.1.6",
        "@size-limit/webpack": "^11.1.6",
        "@size-limit/webpack-why": "^11.1.6",
        "@types/jest": "^29.5.13",
        "@types/node": "^22.7.4",
        "@typescript-eslint/eslint-plugin": "^8.8.0",
        "@typescript-eslint/parser": "^8.8.0",
        "benchmark": "^2.1.4",
        "commitizen": "^4.3.0",
        "coveralls": "^3.1.1",
        "deep-freeze": "^0.0.1",
        "eslint": "^9.11.1",
        "eslint-config-airbnb": "^19.0.4",
        "eslint-config-prettier": "^9.1.0",
        "eslint-plugin-import": "^2.30.0",
        "eslint-plugin-jsx-a11y": "^6.10.0",
        "eslint-plugin-prettier": "^5.2.1",
        "eslint-plugin-react": "^7.37.0",
        "fast-json-patch": "^3.1.1",
        "immer": "^10.1.1",
        "immutable": "^4.0.0",
        "jest": "^29.7.0",
        "jsdoc-tests": "^1.1.0",
        "json2csv": "^5.0.7",
        "lodash": "^4.17.21",
        "lodash.clonedeep": "^4.5.0",
        "prettier": "^3.3.3",
        "quickchart-js": "^3.1.2",
        "redux": "^5.0.1",
        "rimraf": "^3.0.2",
        "rollup": "^4.9.0",
        "seamless-immutable": "^7.1.4",
        "size-limit": "^11.1.6",
        "ts-jest": "^29.2.5",
        "ts-node": "^10.9.2",
        "tslib": "^2.7.0",
        "typedoc": "^0.26.7",
        "typedoc-plugin-markdown": "^4.2.8",
        "typescript": "^5.6.3",
        "yargs": "^17.7.2"
      },
      "engines": {
        "node": ">=14.0"
      }
    },
    "../../node_modules/.pnpm/playwright@1.50.0/node_modules/playwright": {
      "version": "1.50.0",
      "dev": true,
      "license": "Apache-2.0",
      "dependencies": {
        "playwright-core": "1.50.0"
      },
      "bin": {
        "playwright": "cli.js"
      },
      "engines": {
        "node": ">=18"
      },
      "optionalDependencies": {
        "fsevents": "2.3.2"
      }
    },
    "../../node_modules/.pnpm/react@18.3.1/node_modules/react": {
      "version": "18.3.1",
      "dev": true,
      "license": "MIT",
      "dependencies": {
        "loose-envify": "^1.1.0"
      },
      "engines": {
        "node": ">=0.10.0"
      }
    },
    "../../node_modules/.pnpm/rollup-plugin-polyfill-node@0.13.0_rollup@4.32.1/node_modules/rollup-plugin-polyfill-node": {
      "version": "0.13.0",
      "dev": true,
      "license": "MIT",
      "dependencies": {
        "@rollup/plugin-inject": "^5.0.4"
      },
      "devDependencies": {
        "@rollup/plugin-commonjs": "^25.0.5",
        "@rollup/plugin-json": "^6.0.1",
        "@rollup/plugin-node-resolve": "^15.2.3",
        "browserify-fs": "^1.0.0",
        "buffer-es6": "^4.9.3",
        "crypto-browserify": "^3.11.0",
        "debug": "^4.1.1",
        "glob": "^7.1.6",
        "mocha": "^10.2.0",
        "np": "^8.0.4",
        "process-es6": "^0.11.6",
        "rollup": "^4.0.2",
        "serve": "^11.3.2",
        "typescript": "^5.2.2"
      },
      "peerDependencies": {
        "rollup": "^1.20.0 || ^2.0.0 || ^3.0.0 || ^4.0.0"
      }
    },
    "../../node_modules/.pnpm/safe-stable-stringify@2.5.0/node_modules/safe-stable-stringify": {
      "version": "2.5.0",
      "license": "MIT",
      "devDependencies": {
        "@types/json-stable-stringify": "^1.0.34",
        "@types/node": "^18.11.18",
        "benchmark": "^2.1.4",
        "clone": "^2.1.2",
        "fast-json-stable-stringify": "^2.1.0",
        "fast-safe-stringify": "^2.1.1",
        "fast-stable-stringify": "^1.0.0",
        "faster-stable-stringify": "^1.0.0",
        "fastest-stable-stringify": "^2.0.2",
        "json-stable-stringify": "^1.0.1",
        "json-stringify-deterministic": "^1.0.7",
        "json-stringify-safe": "^5.0.1",
        "standard": "^16.0.4",
        "tap": "^15.0.9",
        "typescript": "^4.8.3"
      },
      "engines": {
        "node": ">=10"
      }
    },
    "../../node_modules/.pnpm/sha1-uint8array@0.10.7/node_modules/sha1-uint8array": {
      "version": "0.10.7",
      "license": "MIT",
      "devDependencies": {
        "@types/mocha": "^10.0.1",
        "@types/node": "^18.14.0",
        "browserify": "^17.0.0",
        "browserify-sed": "^0.8.0",
        "create-hash": "^1.2.0",
        "crypto-js": "^4.1.1",
        "hash.js": "^1.1.7",
        "jshashes": "^1.0.8",
        "jssha": "^3.3.1",
        "mocha": "^10.2.0",
        "sha.js": "^2.4.11",
        "terser": "^5.19.2",
        "tiny-sha1": "^0.2.1",
        "typescript": "^5.1.6"
      }
    },
    "../../node_modules/.pnpm/zod@3.24.1/node_modules/zod": {
      "version": "3.24.1",
      "license": "MIT",
      "devDependencies": {
        "@babel/core": "^7.22.5",
        "@babel/preset-env": "^7.22.5",
        "@babel/preset-typescript": "^7.22.5",
        "@jest/globals": "^29.4.3",
        "@rollup/plugin-typescript": "^8.2.0",
        "@standard-schema/spec": "^1.0.0-beta.4",
        "@swc/core": "^1.3.66",
        "@swc/jest": "^0.2.26",
        "@types/benchmark": "^2.1.0",
        "@types/jest": "^29.2.2",
        "@types/node": "14",
        "@typescript-eslint/eslint-plugin": "^5.15.0",
        "@typescript-eslint/parser": "^5.15.0",
        "babel-jest": "^29.5.0",
        "benchmark": "^2.1.4",
        "dependency-cruiser": "^9.19.0",
        "eslint": "^8.11.0",
        "eslint-config-prettier": "^8.5.0",
        "eslint-plugin-ban": "^1.6.0",
        "eslint-plugin-import": "^2.25.4",
        "eslint-plugin-simple-import-sort": "^7.0.0",
        "eslint-plugin-unused-imports": "^2.0.0",
        "husky": "^7.0.4",
        "jest": "^29.3.1",
        "lint-staged": "^12.3.7",
        "netlify-cli": "^17.26.2",
        "nodemon": "^2.0.15",
        "prettier": "^2.6.0",
        "pretty-quick": "^3.1.3",
        "rollup": "^2.70.1",
        "ts-jest": "^29.1.0",
        "ts-morph": "^14.0.0",
        "ts-node": "^10.9.1",
        "tslib": "^2.3.1",
        "tsx": "^3.8.0",
        "typescript": "^5.0.0",
        "vitest": "^0.32.2"
      },
      "funding": {
        "url": "https://github.com/sponsors/colinhacks"
      }
    },
    "node_modules/@rollup/plugin-node-resolve": {
      "resolved": "../../node_modules/.pnpm/@rollup+plugin-node-resolve@15.3.1_rollup@4.32.1/node_modules/@rollup/plugin-node-resolve",
      "link": true
    },
    "node_modules/@types/jest": {
      "resolved": "../../node_modules/.pnpm/@types+jest@29.5.14/node_modules/@types/jest",
      "link": true
    },
    "node_modules/@types/mime": {
      "resolved": "../../node_modules/.pnpm/@types+mime@4.0.0/node_modules/@types/mime",
      "link": true
    },
    "node_modules/@types/node": {
      "resolved": "../../node_modules/.pnpm/@types+node@22.12.0/node_modules/@types/node",
      "link": true
    },
    "node_modules/@types/react": {
      "resolved": "../../node_modules/.pnpm/@types+react@18.3.18/node_modules/@types/react",
      "link": true
    },
    "node_modules/@types/uuid": {
      "resolved": "../../node_modules/.pnpm/@types+uuid@10.0.0/node_modules/@types/uuid",
      "link": true
    },
    "node_modules/change-case": {
      "resolved": "../../node_modules/.pnpm/change-case@5.4.4/node_modules/change-case",
      "link": true
    },
    "node_modules/jszip": {
      "resolved": "../../node_modules/.pnpm/jszip@3.10.1/node_modules/jszip",
      "link": true
    },
    "node_modules/mime": {
      "resolved": "../../node_modules/.pnpm/mime@4.0.6/node_modules/mime",
      "link": true
    },
    "node_modules/mutative": {
      "resolved": "../../node_modules/.pnpm/mutative@1.1.0/node_modules/mutative",
      "link": true
    },
    "node_modules/playwright": {
      "resolved": "../../node_modules/.pnpm/playwright@1.50.0/node_modules/playwright",
      "link": true
    },
    "node_modules/react": {
      "resolved": "../../node_modules/.pnpm/react@18.3.1/node_modules/react",
      "link": true
    },
    "node_modules/rollup-plugin-polyfill-node": {
      "resolved": "../../node_modules/.pnpm/rollup-plugin-polyfill-node@0.13.0_rollup@4.32.1/node_modules/rollup-plugin-polyfill-node",
      "link": true
    },
    "node_modules/safe-stable-stringify": {
      "resolved": "../../node_modules/.pnpm/safe-stable-stringify@2.5.0/node_modules/safe-stable-stringify",
      "link": true
    },
    "node_modules/sha1-uint8array": {
      "resolved": "../../node_modules/.pnpm/sha1-uint8array@0.10.7/node_modules/sha1-uint8array",
      "link": true
    },
    "node_modules/zod": {
      "resolved": "../../node_modules/.pnpm/zod@3.24.1/node_modules/zod",
      "link": true
    }
  }
}
