{
  "name": "prisma-client-64c0a091e853d80b729902aefc1b3f04bbe57578e478d6d7550d474f286b1f79",
  "version": "5.17.0",
  "lockfileVersion": 3,
  "requires": true,
  "packages": {
    "": {
      "name": "prisma-client-64c0a091e853d80b729902aefc1b3f04bbe57578e478d6d7550d474f286b1f79",
      "version": "5.17.0"
    }
  }
}
